{
  "version": 1,
  "dependencies": {
    "net10.0": {
      "coverlet.collector": {
        "type": "Direct",
        "requested": "[6.0.2, )",
        "resolved": "6.0.2",
        "contentHash": "bJShQ6uWRTQ100ZeyiMqcFlhP7WJ+bCuabUs885dJiBEzMsJMSFr7BOyeCw4rgvQokteGi5rKQTlkhfQPUXg2A=="
      },
      "Microsoft.NET.Test.Sdk": {
        "type": "Direct",
        "requested": "[17.12.0, )",
        "resolved": "17.12.0",
        "contentHash": "kt/PKBZ91rFCWxVIJZSgVLk+YR+4KxTuHf799ho8WNiK5ZQpJNAEZCAWX86vcKrs+DiYjiibpYKdGZP6+/N17w==",
        "dependencies": {
          "Microsoft.CodeCoverage": "17.12.0",
          "Microsoft.TestPlatform.TestHost": "17.12.0"
        }
      },
      "SharpGPU": {
        "type": "Direct",
        "requested": "[0.4.0-preview.1, )",
        "resolved": "0.4.0-preview.1",
        "contentHash": "97Bmnk8WCBhLU8cCJ+rzblPDpL6Mp5jOS67nXoouJw/GmXtu2aJebwreO9kXai2UZ7bdjtQNbcJOcjOs/BUBfg==",
        "dependencies": {
          "SharpGPU.Vortice.Direct3D12": "3.8.3-sharpgpu.1",
          "SharpGPU.Vortice.DirectML": "3.8.3-sharpgpu.1",
          "SharpGPU.Vortice.DirectStorage": "3.8.3-sharpgpu.1",
          "SharpGen.Runtime": "2.4.2-beta",
          "SharpMath": "0.4.0-preview.1",
          "SharpMetal": "0.4.0-preview.1",
          "Vortice.Vulkan": "3.2.1"
        }
      },
      "SharpShader": {
        "type": "Direct",
        "requested": "[0.4.0-preview.1, )",
        "resolved": "0.4.0-preview.1",
        "contentHash": "67cnya0rwGVuouNgU1Zsc9VRnPkGpj9DJLjE1cujt1r9nnSw/6a9f56U3WM2r8fB96iPpTRhSux5c6CbYm9gog==",
        "dependencies": {
          "Antlr4.Runtime.Standard": "4.13.1",
          "Silk.NET.Direct3D.Compilers": "2.23.0",
          "Silk.NET.Direct3D12": "2.23.0",
          "Silk.NET.SPIRV.Cross": "2.23.0"
        }
      },
      "SharpShader.CSharp": {
        "type": "Direct",
        "requested": "[0.4.0-preview.1, )",
        "resolved": "0.4.0-preview.1",
        "contentHash": "jzeO+n48C0jv20fbBjlSishCoWM1qBBOHMmFWYSzjt9HMLSr+YjP1KNk+I3Hw6KgLCsAta2j8PMDK23OmWxsAQ==",
        "dependencies": {
          "SharpMath": "0.4.0-preview.1",
          "SharpShader": "0.4.0-preview.1",
          "SharpShader.CSharp.Frontend": "0.4.0-preview.1",
          "SharpShader.CSharp.ShaderLib": "0.4.0-preview.1"
        }
      },
      "SharpShader.SharpGPU": {
        "type": "Direct",
        "requested": "[0.4.0-preview.1, )",
        "resolved": "0.4.0-preview.1",
        "contentHash": "LAFZPiJclE2I+m2g+RZfxt9B5RFGYucq9L/wFcxpLJQ+UvOxInTS56hk4pf27Ah92EiWIZ+J00USq9z9vI541A==",
        "dependencies": {
          "SharpGPU": "0.4.0-preview.1",
          "SharpShader": "0.4.0-preview.1"
        }
      },
      "xunit": {
        "type": "Direct",
        "requested": "[2.9.2, )",
        "resolved": "2.9.2",
        "contentHash": "7LhFS2N9Z6Xgg8aE5lY95cneYivRMfRI8v+4PATa4S64D5Z/Plkg0qa8dTRHSiGRgVZ/CL2gEfJDE5AUhOX+2Q==",
        "dependencies": {
          "xunit.analyzers": "1.16.0",
          "xunit.assert": "2.9.2",
          "xunit.core": "[2.9.2]"
        }
      },
      "xunit.runner.visualstudio": {
        "type": "Direct",
        "requested": "[2.8.2, )",
        "resolved": "2.8.2",
        "contentHash": "vm1tbfXhFmjFMUmS4M0J0ASXz3/U5XvXBa6DOQUL3fEz4Vt6YPhv+ESCarx6M6D+9kJkJYZKCNvJMas1+nVfmQ=="
      },
      "Antlr4.Runtime.Standard": {
        "type": "Transitive",
        "resolved": "4.13.1",
        "contentHash": "Da5+i4kFHUseJRZGcBG5fmZGpA/Ns180ibrQMxgZzjpQOnENVvSL5gi5HZ8Ncz8/AR2WsKbOg2lMBzjz0HUQcA=="
      },
      "Microsoft.CodeAnalysis.Analyzers": {
        "type": "Transitive",
        "resolved": "5.3.0",
        "contentHash": "KuLhbZwB0L8JikL86AE5VWEp3RLNjIcp+j8yz9EJ/UBgRz4+qDEjHg/tluRFbpYpD/e37BqaaNFbQ0vqawBwWQ=="
      },
      "Microsoft.CodeAnalysis.Common": {
        "type": "Transitive",
        "resolved": "5.6.0",
        "contentHash": "eWYNB5e92PSdkQ0xcmy2aLtrvBXNydnVi0Hj/VjaAely6XBqA3By+ClGAJaj4d16pzQmrXPLLK9RDVuS1Ec9xQ==",
        "dependencies": {
          "Microsoft.CodeAnalysis.Analyzers": "5.3.0"
        }
      },
      "Microsoft.CodeAnalysis.CSharp": {
        "type": "Transitive",
        "resolved": "5.6.0",
        "contentHash": "r1DrKQ/L0xTw03wJrLr36AMQNslyaeEKBFyFmQcOKa8HX3YvmhY//JEUafb6IR/m0gmaUVCfBTWitKJRNb7YAA==",
        "dependencies": {
          "Microsoft.CodeAnalysis.Analyzers": "5.3.0",
          "Microsoft.CodeAnalysis.Common": "[5.6.0]"
        }
      },
      "Microsoft.CodeCoverage": {
        "type": "Transitive",
        "resolved": "17.12.0",
        "contentHash": "4svMznBd5JM21JIG2xZKGNanAHNXplxf/kQDFfLHXQ3OnpJkayRK/TjacFjA+EYmoyuNXHo/sOETEfcYtAzIrA=="
      },
      "Microsoft.DotNet.PlatformAbstractions": {
        "type": "Transitive",
        "resolved": "3.1.6",
        "contentHash": "jek4XYaQ/PGUwDKKhwR8K47Uh1189PFzMeLqO83mXrXQVIpARZCcfuDedH50YDTepBkfijCZN5U/vZi++erxtg=="
      },
      "Microsoft.Extensions.DependencyModel": {
        "type": "Transitive",
        "resolved": "9.0.9",
        "contentHash": "fNGvKct2De8ghm0Bpfq0iWthtzIWabgOTi+gJhNOPhNJIowXNEUE2eZNW/zNCzrHVA3PXg2yZ+3cWZndC2IqYA=="
      },
      "Microsoft.TestPlatform.ObjectModel": {
        "type": "Transitive",
        "resolved": "17.12.0",
        "contentHash": "TDqkTKLfQuAaPcEb3pDDWnh7b3SyZF+/W9OZvWFp6eJCIiiYFdSB6taE2I6tWrFw5ywhzOb6sreoGJTI6m3rSQ=="
      },
      "Microsoft.TestPlatform.TestHost": {
        "type": "Transitive",
        "resolved": "17.12.0",
        "contentHash": "MiPEJQNyADfwZ4pJNpQex+t9/jOClBGMiCiVVFuELCMSX2nmNfvUor3uFVxNNCg30uxDP8JDYfPnMXQzsfzYyg==",
        "dependencies": {
          "Microsoft.TestPlatform.ObjectModel": "17.12.0",
          "Newtonsoft.Json": "13.0.1"
        }
      },
      "Newtonsoft.Json": {
        "type": "Transitive",
        "resolved": "13.0.1",
        "contentHash": "ppPFpBcvxdsfUonNcvITKqLl3bqxWbDCZIzDWHzjpdAHRFfZe0Dw9HmA0+za13IdyrgJwpkDTDA9fHaxOrt20A=="
      },
      "SharpGen.Runtime": {
        "type": "Transitive",
        "resolved": "2.4.2-beta",
        "contentHash": "niTtWAUov1F7wZGAlVeEvW+Tnqvg5yTmhI7rxmYu2Utoyu2TbC9tWWpUpMs0PQg5lu5svoYpCAztNjxCqMFP/w=="
      },
      "SharpGen.Runtime.COM": {
        "type": "Transitive",
        "resolved": "2.4.2-beta",
        "contentHash": "9lxDFMiepqo3lJQzMSjECCIONeCc2f3Drokgj6HtrTLZcJSftNgcLbD6/iXYj2iphkwgrZb1oLsDOZxoFZkawQ==",
        "dependencies": {
          "SharpGen.Runtime": "2.4.2-beta"
        }
      },
      "SharpGPU.Vortice.Direct3D12": {
        "type": "Transitive",
        "resolved": "3.8.3-sharpgpu.1",
        "contentHash": "JpS3jwkYZRSgFqNZWTkBIF884ItBECG+PdEXKes3zJBa69IIEJ7dc5szhHohtC1vaprsaHmh5FDYAm4pfRSnyg==",
        "dependencies": {
          "SharpGPU.Vortice.DXGI": "3.8.3-sharpgpu.1",
          "SharpGen.Runtime": "2.4.2-beta"
        }
      },
      "SharpGPU.Vortice.DirectML": {
        "type": "Transitive",
        "resolved": "3.8.3-sharpgpu.1",
        "contentHash": "8AeR9tQhlqVar/OSg0Sh3GcFb83DnNkn73gbu36AOPcYgJFCd3U+zDobBc6V2ovwMp3EkQL4PQw7i4f/KrQZRQ==",
        "dependencies": {
          "SharpGPU.Vortice.DXGI": "3.8.3-sharpgpu.1",
          "SharpGPU.Vortice.Direct3D12": "3.8.3-sharpgpu.1",
          "SharpGPU.Vortice.DirectX": "3.8.3-sharpgpu.1",
          "SharpGen.Runtime": "2.4.2-beta"
        }
      },
      "SharpGPU.Vortice.DirectStorage": {
        "type": "Transitive",
        "resolved": "3.8.3-sharpgpu.1",
        "contentHash": "S08tj58z5v9aquGAmc6vGbNx63Sx0SAebyYf1OBdGuQeg/U1BhSM5DXdKktJupUVcPSxa36ltLP/5DWLLaZgDg==",
        "dependencies": {
          "SharpGPU.Vortice.Direct3D12": "3.8.3-sharpgpu.1",
          "SharpGen.Runtime": "2.4.2-beta"
        }
      },
      "SharpGPU.Vortice.DirectX": {
        "type": "Transitive",
        "resolved": "3.8.3-sharpgpu.1",
        "contentHash": "Sf6TZsBZM6UYjO0VbMLrEBtxjFHRxUjNF0TRHWXfHigKBiRE9QGIueYNqckQTA2MFLQ91Qg+aC/25dElQiVNVQ==",
        "dependencies": {
          "SharpGen.Runtime": "2.4.2-beta",
          "SharpGen.Runtime.COM": "2.4.2-beta",
          "Vortice.Mathematics": "2.1.0"
        }
      },
      "SharpGPU.Vortice.DXGI": {
        "type": "Transitive",
        "resolved": "3.8.3-sharpgpu.1",
        "contentHash": "Qz8mWK4dSKLilGELvKrhBwJyLGEkszqBdbfYUNA4jxyun6sQrTQHeDgui3W9rLdsZsDFfko1EHto0RMYVCA/fw==",
        "dependencies": {
          "SharpGPU.Vortice.DirectX": "3.8.3-sharpgpu.1",
          "SharpGen.Runtime": "2.4.2-beta"
        }
      },
      "SharpMath": {
        "type": "Transitive",
        "resolved": "0.4.0-preview.1",
        "contentHash": "O6wdi+vfq8zTETAdptGDzmapxJee81oSXvNgW7Pn9mTUEa2+LNVedcEnkXnCqMp3KHIHTtMvThmAMLdtL1e6xw=="
      },
      "SharpMetal": {
        "type": "Transitive",
        "resolved": "0.4.0-preview.1",
        "contentHash": "EEUU0WcakBSjB7p+75xmxp3VezWPRYUoaydQNLyTluWpzLwG4drlyH9of+d/rmpfe3eaxsllZ6GC0E2kcm4+/A=="
      },
      "SharpShader.CSharp.Frontend": {
        "type": "Transitive",
        "resolved": "0.4.0-preview.1",
        "contentHash": "HhITYbkZRbMY53DNW7EpwhrYmP3gZzBPFgznt47AuuYNvweQ7b5KEwP8/rVJQ2vRBZzHjJAUQTSctyss52xIRA==",
        "dependencies": {
          "Microsoft.CodeAnalysis.CSharp": "5.6.0",
          "SharpShader.CSharp.ShaderLib": "0.4.0-preview.1"
        }
      },
      "SharpShader.CSharp.ShaderLib": {
        "type": "Transitive",
        "resolved": "0.4.0-preview.1",
        "contentHash": "eTcYl6Be2IyjIPNQoghmNQD0Bji5nPclbeBrGgh2OeXViGAZCsbwo7qFdS/jxLqXQM5g3hnkA5XyuW+9bXcAzw=="
      },
      "Silk.NET.Core": {
        "type": "Transitive",
        "resolved": "2.23.0",
        "contentHash": "D7AT/nnwlB+4RZ84XY8QNGBZMJI5z9l4CSSETIJ1wCfRJzRt/341y3MRZ4HbnFz4r/IGaWOEZr86iE+0/65yyQ==",
        "dependencies": {
          "Microsoft.DotNet.PlatformAbstractions": "3.1.6",
          "Microsoft.Extensions.DependencyModel": "9.0.9"
        }
      },
      "Silk.NET.Direct3D.Compilers": {
        "type": "Transitive",
        "resolved": "2.23.0",
        "contentHash": "isYP0t48TNiVH7xUu5rRrvzBuYkVmE/2R0jLyGNzGwfnPchkP4KTkzDm+tubgRzLjZRpR21pz3Aw75EIOUijCw==",
        "dependencies": {
          "Silk.NET.Core": "2.23.0"
        }
      },
      "Silk.NET.Direct3D12": {
        "type": "Transitive",
        "resolved": "2.23.0",
        "contentHash": "XKDJPNYRvLD0nrw8UM4jfx1ddMLgs1J/T1CaEPCIZq0iVJiS9ZNPRHkkiFcMSg3PTCBVYZj1wXjwPx2Fpk1PEA==",
        "dependencies": {
          "Silk.NET.Core": "2.23.0",
          "Silk.NET.DXGI": "2.23.0"
        }
      },
      "Silk.NET.DXGI": {
        "type": "Transitive",
        "resolved": "2.23.0",
        "contentHash": "UBzimKRqdsLQ9EirkpwpLRHiSIZoEg0Ytczh0fUnox72yP51hr4sYhGqd16a3+v8jqmZqpJofc68eZW4KYAs5Q==",
        "dependencies": {
          "Silk.NET.Core": "2.23.0",
          "Silk.NET.Maths": "2.23.0"
        }
      },
      "Silk.NET.Maths": {
        "type": "Transitive",
        "resolved": "2.23.0",
        "contentHash": "r8PdIVzME8EH0qAgbmRPO87I4GfgR2j8TofT7EMuRJDf1QluoQwnVypDoFJjQ2ZBSRsGYk5unYxxogI05Ogsmw=="
      },
      "Silk.NET.SPIRV": {
        "type": "Transitive",
        "resolved": "2.23.0",
        "contentHash": "3IBvO+7bwrhhYlHZvXGcSr4xLy+ENOAK4YaL0Vm4o9CKxrkzOoO1cHEkG/8O+kWD1Mw9RSMhw1ixWgeVrm0Kmw==",
        "dependencies": {
          "Silk.NET.Core": "2.23.0"
        }
      },
      "Silk.NET.SPIRV.Cross": {
        "type": "Transitive",
        "resolved": "2.23.0",
        "contentHash": "XSFDtiHY8hsPB3BVJkrhPBu5RX6cHAeg6mBEYREL+EB2WfK4bPEX34DoUkEJResbqvVnmdSRWDr3bIo1TjQONQ==",
        "dependencies": {
          "Silk.NET.Core": "2.23.0",
          "Silk.NET.SPIRV": "2.23.0",
          "Silk.NET.SPIRV.Cross.Native": "2.23.0"
        }
      },
      "Silk.NET.SPIRV.Cross.Native": {
        "type": "Transitive",
        "resolved": "2.23.0",
        "contentHash": "pY4LmIE8nYXkfCgExxksYlnYZZ4D3/AW13XNcpyp0jJDTkCpDsXL0nLOX7CM7tPS6xvkiERRd+Do2zegbl7Xtw=="
      },
      "Vortice.Mathematics": {
        "type": "Transitive",
        "resolved": "2.1.0",
        "contentHash": "KK+SjNSuKdP+zbavekubi+vaeb1Jo4k87ZF6CMkVWjr6RjJwc8peVtmgzXXDIMy4ZC3ZISyk3llY3q65ISOkBQ=="
      },
      "Vortice.Vulkan": {
        "type": "Transitive",
        "resolved": "3.2.1",
        "contentHash": "rYyZFhHky2XgLAAx2yPR5W+cdqGdFtu6HWARDeEinmSotHYXzgo17VNuRo2cmqUsKo2Yo5qDBdRUZVuS8CSKUA=="
      },
      "xunit.abstractions": {
        "type": "Transitive",
        "resolved": "2.0.3",
        "contentHash": "pot1I4YOxlWjIb5jmwvvQNbTrZ3lJQ+jUGkGjWE3hEFM0l5gOnBWS+H3qsex68s5cO52g+44vpGzhAt+42vwKg=="
      },
      "xunit.analyzers": {
        "type": "Transitive",
        "resolved": "1.16.0",
        "contentHash": "hptYM7vGr46GUIgZt21YHO4rfuBAQS2eINbFo16CV/Dqq+24Tp+P5gDCACu1AbFfW4Sp/WRfDPSK8fmUUb8s0Q=="
      },
      "xunit.assert": {
        "type": "Transitive",
        "resolved": "2.9.2",
        "contentHash": "QkNBAQG4pa66cholm28AxijBjrmki98/vsEh4Sx5iplzotvPgpiotcxqJQMRC8d7RV7nIT8ozh97957hDnZwsQ=="
      },
      "xunit.core": {
        "type": "Transitive",
        "resolved": "2.9.2",
        "contentHash": "O6RrNSdmZ0xgEn5kT927PNwog5vxTtKrWMihhhrT0Sg9jQ7iBDciYOwzBgP2krBEk5/GBXI18R1lKvmnxGcb4w==",
        "dependencies": {
          "xunit.extensibility.core": "[2.9.2]",
          "xunit.extensibility.execution": "[2.9.2]"
        }
      },
      "xunit.extensibility.core": {
        "type": "Transitive",
        "resolved": "2.9.2",
        "contentHash": "Ol+KlBJz1x8BrdnhN2DeOuLrr1I/cTwtHCggL9BvYqFuVd/TUSzxNT5O0NxCIXth30bsKxgMfdqLTcORtM52yQ==",
        "dependencies": {
          "xunit.abstractions": "2.0.3"
        }
      },
      "xunit.extensibility.execution": {
        "type": "Transitive",
        "resolved": "2.9.2",
        "contentHash": "rKMpq4GsIUIJibXuZoZ8lYp5EpROlnYaRpwu9Zr0sRZXE7JqJfEEbCsUriZqB+ByXCLFBJyjkTRULMdC+U566g==",
        "dependencies": {
          "xunit.extensibility.core": "[2.9.2]"
        }
      }
    }
  }
}